
Microsoft Visual Studio Solution File, Format Version 12.00
# Visual Studio Version 16
VisualStudioVersion = 16.0.32228.343
MinimumVisualStudioVersion = 10.0.40219.1
Project("{8BC9CEB8-8B4A-11D0-8D11-00A0C91BC942}") = "Sandbox", "Sandbox\Sandbox.vcxproj", "{F79BF472-790E-48C4-915E-FFC43BDEC6A0}"
EndProject
Project("{8BC9CEB8-8B4A-11D0-8D11-00A0C91BC942}") = "Simulatrix", "Simulatrix\Simulatrix.vcxproj", "{AF8690C6-CDC4-4225-9FF3-E443F8EFA8DE}"
EndProject
Global
	GlobalSection(SolutionConfigurationPlatforms) = preSolution
		Debug|x64 = Debug|x64
		Release|x64 = Release|x64
	EndGlobalSection
	GlobalSection(ProjectConfigurationPlatforms) = postSolution
		{F79BF472-790E-48C4-915E-FFC43BDEC6A0}.Debug|x64.ActiveCfg = Debug|x64
		{F79BF472-790E-48C4-915E-FFC43BDEC6A0}.Debug|x64.Build.0 = Debug|x64
		{F79BF472-790E-48C4-915E-FFC43BDEC6A0}.Release|x64.ActiveCfg = Release|x64
		{F79BF472-790E-48C4-915E-FFC43BDEC6A0}.Release|x64.Build.0 = Release|x64
		{AF8690C6-CDC4-4225-9FF3-E443F8EFA8DE}.Debug|x64.ActiveCfg = Debug|x64
		{AF8690C6-CDC4-4225-9FF3-E443F8EFA8DE}.Debug|x64.Build.0 = Debug|x64
		{AF8690C6-CDC4-4225-9FF3-E443F8EFA8DE}.Release|x64.ActiveCfg = Release|x64
		{AF8690C6-CDC4-4225-9FF3-E443F8EFA8DE}.Release|x64.Build.0 = Release|x64
	EndGlobalSection
	GlobalSection(SolutionProperties) = preSolution
		HideSolutionNode = FALSE
	EndGlobalSection
	GlobalSection(ExtensibilityGlobals) = postSolution
		SolutionGuid = {F2E3ADBD-9689-4CC3-AADC-C8E53028CDD6}
	EndGlobalSection
EndGlobal
