<?xml version="1.0" encoding="utf-8"?>
<Project ToolsVersion="4.0" xmlns="http://schemas.microsoft.com/developer/msbuild/2003">
  <ItemGroup>
    <Filter Include="Simulatrix">
      <UniqueIdentifier>{17AA9415-0362-D662-6C69-AFBE58407153}</UniqueIdentifier>
    </Filter>
    <Filter Include="Simulatrix\Core">
      <UniqueIdentifier>{CFB42E78-3B40-9C3C-4451-1F31B05BF83C}</UniqueIdentifier>
    </Filter>
    <Filter Include="Simulatrix\Debug">
      <UniqueIdentifier>{CDA9117E-B9A2-30D0-E2D4-1555CE2C10DC}</UniqueIdentifier>
    </Filter>
    <Filter Include="Simulatrix\Events">
      <UniqueIdentifier>{1B36D143-874C-CFD9-D0C3-5AFB3C19A061}</UniqueIdentifier>
    </Filter>
    <Filter Include="Simulatrix\ImGui">
      <UniqueIdentifier>{8114707E-6D0D-8FD0-963F-745582976EDC}</UniqueIdentifier>
    </Filter>
    <Filter Include="Simulatrix\Platform">
      <UniqueIdentifier>{4B301599-B791-F2A6-40FF-3859AC5F2966}</UniqueIdentifier>
    </Filter>
    <Filter Include="Simulatrix\Platform\OpenGL">
      <UniqueIdentifier>{1F370561-0B47-B131-7400-1650602FA0CA}</UniqueIdentifier>
    </Filter>
    <Filter Include="Simulatrix\Platform\Windows">
      <UniqueIdentifier>{85F5C7D9-F102-F6BF-7AE9-F1AAE6F5C176}</UniqueIdentifier>
    </Filter>
  </ItemGroup>
  <ItemGroup>
    <ClInclude Include="src\Simulatrix.h" />
    <ClInclude Include="src\Simulatrix\Core\Application.h">
      <Filter>Simulatrix\Core</Filter>
    </ClInclude>
    <ClInclude Include="src\Simulatrix\Core\Core.h">
      <Filter>Simulatrix\Core</Filter>
    </ClInclude>
    <ClInclude Include="src\Simulatrix\Core\Entrypoint.h">
      <Filter>Simulatrix\Core</Filter>
    </ClInclude>
    <ClInclude Include="src\Simulatrix\Core\KeyCode.h">
      <Filter>Simulatrix\Core</Filter>
    </ClInclude>
    <ClInclude Include="src\Simulatrix\Core\Layer.h">
      <Filter>Simulatrix\Core</Filter>
    </ClInclude>
    <ClInclude Include="src\Simulatrix\Core\LayerStack.h">
      <Filter>Simulatrix\Core</Filter>
    </ClInclude>
    <ClInclude Include="src\Simulatrix\Core\MouseCodes.h">
      <Filter>Simulatrix\Core</Filter>
    </ClInclude>
    <ClInclude Include="src\Simulatrix\Core\Window.h">
      <Filter>Simulatrix\Core</Filter>
    </ClInclude>
    <ClInclude Include="src\Simulatrix\Debug\Log.h">
      <Filter>Simulatrix\Debug</Filter>
    </ClInclude>
    <ClInclude Include="src\Simulatrix\Events\ApplicationEvent.h">
      <Filter>Simulatrix\Events</Filter>
    </ClInclude>
    <ClInclude Include="src\Simulatrix\Events\Event.h">
      <Filter>Simulatrix\Events</Filter>
    </ClInclude>
    <ClInclude Include="src\Simulatrix\Events\KeyEvent.h">
      <Filter>Simulatrix\Events</Filter>
    </ClInclude>
    <ClInclude Include="src\Simulatrix\Events\MouseEvent.h">
      <Filter>Simulatrix\Events</Filter>
    </ClInclude>
    <ClInclude Include="src\Simulatrix\ImGui\ImGuiLayer.h">
      <Filter>Simulatrix\ImGui</Filter>
    </ClInclude>
    <ClInclude Include="src\Simulatrix\Platform\Windows\WindowsWindow.h">
      <Filter>Simulatrix\Platform\Windows</Filter>
    </ClInclude>
    <ClInclude Include="src\simixpch.h" />
    <ClInclude Include="src\Simulatrix\Core\Timestep.h" />
  </ItemGroup>
  <ItemGroup>
    <ClCompile Include="src\Simulatrix\Core\Application.cpp">
      <Filter>Simulatrix\Core</Filter>
    </ClCompile>
    <ClCompile Include="src\Simulatrix\Core\Layer.cpp">
      <Filter>Simulatrix\Core</Filter>
    </ClCompile>
    <ClCompile Include="src\Simulatrix\Core\LayerStack.cpp">
      <Filter>Simulatrix\Core</Filter>
    </ClCompile>
    <ClCompile Include="src\Simulatrix\Debug\Log.cpp">
      <Filter>Simulatrix\Debug</Filter>
    </ClCompile>
    <ClCompile Include="src\Simulatrix\Events\Event.cpp">
      <Filter>Simulatrix\Events</Filter>
    </ClCompile>
    <ClCompile Include="src\Simulatrix\ImGui\ImGuiLayer.cpp">
      <Filter>Simulatrix\ImGui</Filter>
    </ClCompile>
    <ClCompile Include="src\Simulatrix\Platform\Windows\WindowsWindow.cpp">
      <Filter>Simulatrix\Platform\Windows</Filter>
    </ClCompile>
    <ClCompile Include="src\simixpch.cpp" />
    <ClCompile Include="src\Simulatrix\ImGui\ImGuiBuild.cpp" />
    <ClCompile Include="src\Simulatrix\Core\Window.cpp" />
  </ItemGroup>
</Project>